{
  "name": "node-markov",
  "version": "1.0.0",
  "lockfileVersion": 1,
  "requires": true,
  "dependencies": {
    "@babel/runtime": {
      "version": "7.13.10",
      "resolved": "https://registry.npmjs.org/@babel/runtime/-/runtime-7.13.10.tgz",
      "integrity": "sha512-4QPkjJq6Ns3V/RgpEahRk+AGfL0eO6RHHtTWoNNr5mO49G6B5+X6d6THgWEAvTrznU5xYpbAlVKRYcsCgh/Akw==",
      "requires": {
        "regenerator-runtime": "^0.13.4"
      }
    },
    "axios": {
      "version": "0.21.1",
      "resolved": "https://registry.npmjs.org/axios/-/axios-0.21.1.tgz",
      "integrity": "sha512-dKQiRHxGD9PPRIUNIWvZhPTPpl1rf/OxTYKsqKUDjBwYylTvV7SjSHJb9ratfyzM6wCdLCOYLzs73qpg5c4iGA==",
      "requires": {
        "follow-redirects": "^1.10.0"
      }
    },
    "follow-redirects": {
      "version": "1.13.3",
      "resolved": "https://registry.npmjs.org/follow-redirects/-/follow-redirects-1.13.3.tgz",
      "integrity": "sha512-DUgl6+HDzB0iEptNQEXLx/KhTmDb8tZUHSeLqpnjpknR70H0nC2t9N73BK6fN4hOvJ84pKlIQVQ4k5FFlBedKA=="
    },
    "html-entities": {
      "version": "2.3.2",
      "resolved": "https://registry.npmjs.org/html-entities/-/html-entities-2.3.2.tgz",
      "integrity": "sha512-c3Ab/url5ksaT0WyleslpBEthOzWhrjQbg75y7XUsfSzi3Dgzt0l8w5e7DylRn15MTlMMD58dTfzddNS2kcAjQ=="
    },
    "lodash.clonedeep": {
      "version": "4.5.0",
      "resolved": "https://registry.npmjs.org/lodash.clonedeep/-/lodash.clonedeep-4.5.0.tgz",
      "integrity": "sha1-4j8/nE+Pvd6HJSnBBxhXoIblzO8="
    },
    "lodash.isplainobject": {
      "version": "4.0.6",
      "resolved": "https://registry.npmjs.org/lodash.isplainobject/-/lodash.isplainobject-4.0.6.tgz",
      "integrity": "sha1-fFJqUtibRcRcxpC4gWO+BJf1UMs="
    },
    "lodash.trim": {
      "version": "4.5.1",
      "resolved": "https://registry.npmjs.org/lodash.trim/-/lodash.trim-4.5.1.tgz",
      "integrity": "sha1-NkJefukL5KpeJ7zruFt9EepHqlc="
    },
    "lodash.without": {
      "version": "4.4.0",
      "resolved": "https://registry.npmjs.org/lodash.without/-/lodash.without-4.4.0.tgz",
      "integrity": "sha1-PNRXSgC2e643OpS3SHcmQFB7eqw="
    },
    "ranges-apply": {
      "version": "5.0.14",
      "resolved": "https://registry.npmjs.org/ranges-apply/-/ranges-apply-5.0.14.tgz",
      "integrity": "sha512-L8JqoncbDa0I/Nf7qfC51zX4v5eORMaI9FNUE/Fb4IRET5uEZ3oIS9HVNuRmfKaUb8T9BYRVPiJpqTaatBzwcQ==",
      "requires": {
        "@babel/runtime": "^7.13.10",
        "ranges-merge": "^7.0.14"
      }
    },
    "ranges-merge": {
      "version": "7.0.14",
      "resolved": "https://registry.npmjs.org/ranges-merge/-/ranges-merge-7.0.14.tgz",
      "integrity": "sha512-ZDSESp3RcdOknY4jb89KZA1eIyqeF6bXij6Q+oQF9DZlKIUrAYMA9fGlpWxS+DQmwYlxIzKoDEdf58+8YqY99g==",
      "requires": {
        "@babel/runtime": "^7.13.10",
        "ranges-push": "^5.0.14",
        "ranges-sort": "^4.0.14"
      }
    },
    "ranges-push": {
      "version": "5.0.14",
      "resolved": "https://registry.npmjs.org/ranges-push/-/ranges-push-5.0.14.tgz",
      "integrity": "sha512-J3BKlZnbtGsuC0Y+uUL/6QcWLWegcOySVvIafOi3aYYSV2DGAQ4kCORdgOck+ISFqeF7JcHgFGRHdIum4ILcQQ==",
      "requires": {
        "@babel/runtime": "^7.13.10",
        "ranges-merge": "^7.0.14",
        "string-collapse-leading-whitespace": "^5.0.14",
        "string-trim-spaces-only": "^3.0.14"
      }
    },
    "ranges-sort": {
      "version": "4.0.14",
      "resolved": "https://registry.npmjs.org/ranges-sort/-/ranges-sort-4.0.14.tgz",
      "integrity": "sha512-uEzHleRB2WXacKR7wsrJc4/iXWa4oCB+oaV9BfGaulakE35I8q9IltCawFt+xVmA9Wgr6N2uHBBmwbUguj2rAw==",
      "requires": {
        "@babel/runtime": "^7.13.10"
      }
    },
    "regenerator-runtime": {
      "version": "0.13.7",
      "resolved": "https://registry.npmjs.org/regenerator-runtime/-/regenerator-runtime-0.13.7.tgz",
      "integrity": "sha512-a54FxoJDIr27pgf7IgeQGxmqUNYrcV338lf/6gH456HZ/PhX+5BcwHXG9ajESmwe6WRO0tAzRUrRmNONWgkrew=="
    },
    "string-collapse-leading-whitespace": {
      "version": "5.0.14",
      "resolved": "https://registry.npmjs.org/string-collapse-leading-whitespace/-/string-collapse-leading-whitespace-5.0.14.tgz",
      "integrity": "sha512-hRMJP/VKbJhYGHZeGsfF6nAgccKARoMfIyqmSnHgYL8YroyWW5YsSRxpZnc8Y0XXUXQLPBWH+88CGS6hWN3siQ==",
      "requires": {
        "@babel/runtime": "^7.13.10"
      }
    },
    "string-left-right": {
      "version": "4.0.14",
      "resolved": "https://registry.npmjs.org/string-left-right/-/string-left-right-4.0.14.tgz",
      "integrity": "sha512-LMmE5uX3pV+V+NVRhi9M4WuauRsVzXj4qg9XNpSoa16cLK8qwezMLpmt4tbCdNrZouLrNVVnuDG5YSZV9EwMDg==",
      "requires": {
        "@babel/runtime": "^7.13.10",
        "lodash.clonedeep": "^4.5.0",
        "lodash.isplainobject": "^4.0.6"
      }
    },
    "string-strip-html": {
      "version": "8.2.11",
      "resolved": "https://registry.npmjs.org/string-strip-html/-/string-strip-html-8.2.11.tgz",
      "integrity": "sha512-+OdaF5wixgqUNlAaye4cHOcT3Qcn1bAmJZkATfOkxwspfuYU9GJMKsE6ItC7ggo7RPMcBGFH01oZq/+SeBUZQw==",
      "requires": {
        "@babel/runtime": "^7.13.10",
        "html-entities": "^2.3.2",
        "lodash.isplainobject": "^4.0.6",
        "lodash.trim": "^4.5.1",
        "lodash.without": "^4.4.0",
        "ranges-apply": "^5.0.14",
        "ranges-push": "^5.0.14",
        "string-left-right": "^4.0.14"
      }
    },
    "string-trim-spaces-only": {
      "version": "3.0.14",
      "resolved": "https://registry.npmjs.org/string-trim-spaces-only/-/string-trim-spaces-only-3.0.14.tgz",
      "integrity": "sha512-YRluIDmTvYRM3SKFDZLoUzI9pnQotC4IIIY9REdBkdBPScamwfobNVD9/YThdiNbMJVF3ssVB6kIMSokRXtETQ==",
      "requires": {
        "@babel/runtime": "^7.13.10"
      }
    }
  }
}
